// !$*UTF8*$!
{
	archiveVersion = 1;
	classes = {
	};
	objectVersion = 50;
	objects = {

/* Begin PBXBuildFile section */
		0FAAB87F2674B8E900982EDD /* AppDelegate.swift in Sources */ = {isa = PBXBuildFile; fileRef = 0FAAB87E2674B8E900982EDD /* AppDelegate.swift */; };
		0FAAB8812674B8EA00982EDD /* SceneDelegate.swift in Sources */ = {isa = PBXBuildFile; fileRef = 0FAAB8802674B8EA00982EDD /* SceneDelegate.swift */; };
		0FAAB8832674B8EA00982EDD /* ViewController.swift in Sources */ = {isa = PBXBuildFile; fileRef = 0FAAB8822674B8EA00982EDD /* ViewController.swift */; };
		0FAAB8862674B8EA00982EDD /* Main.storyboard in Resources */ = {isa = PBXBuildFile; fileRef = 0FAAB8842674B8EA00982EDD /* Main.storyboard */; };
		0FAAB8882674B8EB00982EDD /* Assets.xcassets in Resources */ = {isa = PBXBuildFile; fileRef = 0FAAB8872674B8EB00982EDD /* Assets.xcassets */; };
		0FAAB88B2674B8EB00982EDD /* LaunchScreen.storyboard in Resources */ = {isa = PBXBuildFile; fileRef = 0FAAB8892674B8EB00982EDD /* LaunchScreen.storyboard */; };
		0FAAB89A2677ADFB00982EDD /* Question.swift in Sources */ = {isa = PBXBuildFile; fileRef = 0FAAB8992677ADFB00982EDD /* Question.swift */; };
		0FAAB8A82678922600982EDD /* QuizTableViewController.swift in Sources */ = {isa = PBXBuildFile; fileRef = 0FAAB8A72678922600982EDD /* QuizTableViewController.swift */; };
		0FAAB8AC2678F2CC00982EDD /* Game.swift in Sources */ = {isa = PBXBuildFile; fileRef = 0FAAB8AB2678F2CC00982EDD /* Game.swift */; };
		0FAAB8AF2678F2DD00982EDD /* GameSession.swift in Sources */ = {isa = PBXBuildFile; fileRef = 0FAAB8AE2678F2DD00982EDD /* GameSession.swift */; };
		0FAAB8B7267CA87400982EDD /* RecordsCareTaker.swift in Sources */ = {isa = PBXBuildFile; fileRef = 0FAAB8B6267CA87400982EDD /* RecordsCareTaker.swift */; };
		0FAAB8BA267CAC2700982EDD /* ResultsTableViewController.swift in Sources */ = {isa = PBXBuildFile; fileRef = 0FAAB8B9267CAC2700982EDD /* ResultsTableViewController.swift */; };
/* End PBXBuildFile section */

/* Begin PBXFileReference section */
		0FAAB87B2674B8E900982EDD /* Millionaire.app */ = {isa = PBXFileReference; explicitFileType = wrapper.application; includeInIndex = 0; path = Millionaire.app; sourceTree = BUILT_PRODUCTS_DIR; };
		0FAAB87E2674B8E900982EDD /* AppDelegate.swift */ = {isa = PBXFileReference; lastKnownFileType = sourcecode.swift; path = AppDelegate.swift; sourceTree = "<group>"; };
		0FAAB8802674B8EA00982EDD /* SceneDelegate.swift */ = {isa = PBXFileReference; lastKnownFileType = sourcecode.swift; path = SceneDelegate.swift; sourceTree = "<group>"; };
		0FAAB8822674B8EA00982EDD /* ViewController.swift */ = {isa = PBXFileReference; lastKnownFileType = sourcecode.swift; path = ViewController.swift; sourceTree = "<group>"; };
		0FAAB8852674B8EA00982EDD /* Base */ = {isa = PBXFileReference; lastKnownFileType = file.storyboard; name = Base; path = Base.lproj/Main.storyboard; sourceTree = "<group>"; };
		0FAAB8872674B8EB00982EDD /* Assets.xcassets */ = {isa = PBXFileReference; lastKnownFileType = folder.assetcatalog; path = Assets.xcassets; sourceTree = "<group>"; };
		0FAAB88A2674B8EB00982EDD /* Base */ = {isa = PBXFileReference; lastKnownFileType = file.storyboard; name = Base; path = Base.lproj/LaunchScreen.storyboard; sourceTree = "<group>"; };
		0FAAB88C2674B8EB00982EDD /* Info.plist */ = {isa = PBXFileReference; lastKnownFileType = text.plist.xml; path = Info.plist; sourceTree = "<group>"; };
		0FAAB8992677ADFB00982EDD /* Question.swift */ = {isa = PBXFileReference; lastKnownFileType = sourcecode.swift; path = Question.swift; sourceTree = "<group>"; };
		0FAAB8A72678922600982EDD /* QuizTableViewController.swift */ = {isa = PBXFileReference; lastKnownFileType = sourcecode.swift; path = QuizTableViewController.swift; sourceTree = "<group>"; };
		0FAAB8AB2678F2CC00982EDD /* Game.swift */ = {isa = PBXFileReference; lastKnownFileType = sourcecode.swift; path = Game.swift; sourceTree = "<group>"; };
		0FAAB8AE2678F2DD00982EDD /* GameSession.swift */ = {isa = PBXFileReference; lastKnownFileType = sourcecode.swift; path = GameSession.swift; sourceTree = "<group>"; };
		0FAAB8B6267CA87400982EDD /* RecordsCareTaker.swift */ = {isa = PBXFileReference; lastKnownFileType = sourcecode.swift; path = RecordsCareTaker.swift; sourceTree = "<group>"; };
		0FAAB8B9267CAC2700982EDD /* ResultsTableViewController.swift */ = {isa = PBXFileReference; lastKnownFileType = sourcecode.swift; path = ResultsTableViewController.swift; sourceTree = "<group>"; };
/* End PBXFileReference section */

/* Begin PBXFrameworksBuildPhase section */
		0FAAB8782674B8E900982EDD /* Frameworks */ = {
			isa = PBXFrameworksBuildPhase;
			buildActionMask = 2147483647;
			files = (
			);
			runOnlyForDeploymentPostprocessing = 0;
		};
/* End PBXFrameworksBuildPhase section */

/* Begin PBXGroup section */
		0FAAB8722674B8E900982EDD = {
			isa = PBXGroup;
			children = (
				0FAAB87D2674B8E900982EDD /* Millionaire */,
				0FAAB87C2674B8E900982EDD /* Products */,
			);
			sourceTree = "<group>";
		};
		0FAAB87C2674B8E900982EDD /* Products */ = {
			isa = PBXGroup;
			children = (
				0FAAB87B2674B8E900982EDD /* Millionaire.app */,
			);
			name = Products;
			sourceTree = "<group>";
		};
		0FAAB87D2674B8E900982EDD /* Millionaire */ = {
			isa = PBXGroup;
			children = (
				0FAAB8932674B8FA00982EDD /* Fundamental */,
				0FAAB8972677AD9800982EDD /* Models */,
				0FAAB8962677AC9800982EDD /* Controllers */,
				0FAAB8942674DE5900982EDD /* Objects */,
				0FAAB8802674B8EA00982EDD /* SceneDelegate.swift */,
				0FAAB8842674B8EA00982EDD /* Main.storyboard */,
				0FAAB8872674B8EB00982EDD /* Assets.xcassets */,
				0FAAB8892674B8EB00982EDD /* LaunchScreen.storyboard */,
				0FAAB88C2674B8EB00982EDD /* Info.plist */,
			);
			path = Millionaire;
			sourceTree = "<group>";
		};
		0FAAB8932674B8FA00982EDD /* Fundamental */ = {
			isa = PBXGroup;
			children = (
				0FAAB8AB2678F2CC00982EDD /* Game.swift */,
				0FAAB8AE2678F2DD00982EDD /* GameSession.swift */,
				0FAAB87E2674B8E900982EDD /* AppDelegate.swift */,
				0FAAB8B6267CA87400982EDD /* RecordsCareTaker.swift */,
			);
			path = Fundamental;
			sourceTree = "<group>";
		};
		0FAAB8942674DE5900982EDD /* Objects */ = {
			isa = PBXGroup;
			children = (
			);
			path = Objects;
			sourceTree = "<group>";
		};
		0FAAB8962677AC9800982EDD /* Controllers */ = {
			isa = PBXGroup;
			children = (
				0FAAB8822674B8EA00982EDD /* ViewController.swift */,
				0FAAB8A72678922600982EDD /* QuizTableViewController.swift */,
				0FAAB8B9267CAC2700982EDD /* ResultsTableViewController.swift */,
			);
			path = Controllers;
			sourceTree = "<group>";
		};
		0FAAB8972677AD9800982EDD /* Models */ = {
			isa = PBXGroup;
			children = (
				0FAAB8992677ADFB00982EDD /* Question.swift */,
			);
			path = Models;
			sourceTree = "<group>";
		};
/* End PBXGroup section */

/* Begin PBXNativeTarget section */
		0FAAB87A2674B8E900982EDD /* Millionaire */ = {
			isa = PBXNativeTarget;
			buildConfigurationList = 0FAAB88F2674B8EB00982EDD /* Build configuration list for PBXNativeTarget "Millionaire" */;
			buildPhases = (
				0FAAB8772674B8E900982EDD /* Sources */,
				0FAAB8782674B8E900982EDD /* Frameworks */,
				0FAAB8792674B8E900982EDD /* Resources */,
			);
			buildRules = (
			);
			dependencies = (
			);
			name = Millionaire;
			productName = Millionaire;
			productReference = 0FAAB87B2674B8E900982EDD /* Millionaire.app */;
			productType = "com.apple.product-type.application";
		};
/* End PBXNativeTarget section */

/* Begin PBXProject section */
		0FAAB8732674B8E900982EDD /* Project object */ = {
			isa = PBXProject;
			attributes = {
				LastSwiftUpdateCheck = 1210;
				LastUpgradeCheck = 1210;
				TargetAttributes = {
					0FAAB87A2674B8E900982EDD = {
						CreatedOnToolsVersion = 12.1;
					};
				};
			};
			buildConfigurationList = 0FAAB8762674B8E900982EDD /* Build configuration list for PBXProject "Millionaire" */;
			compatibilityVersion = "Xcode 9.3";
			developmentRegion = en;
			hasScannedForEncodings = 0;
			knownRegions = (
				en,
				Base,
			);
			mainGroup = 0FAAB8722674B8E900982EDD;
			productRefGroup = 0FAAB87C2674B8E900982EDD /* Products */;
			projectDirPath = "";
			projectRoot = "";
			targets = (
				0FAAB87A2674B8E900982EDD /* Millionaire */,
			);
		};
/* End PBXProject section */

/* Begin PBXResourcesBuildPhase section */
		0FAAB8792674B8E900982EDD /* Resources */ = {
			isa = PBXResourcesBuildPhase;
			buildActionMask = 2147483647;
			files = (
				0FAAB88B2674B8EB00982EDD /* LaunchScreen.storyboard in Resources */,
				0FAAB8882674B8EB00982EDD /* Assets.xcassets in Resources */,
				0FAAB8862674B8EA00982EDD /* Main.storyboard in Resources */,
			);
			runOnlyForDeploymentPostprocessing = 0;
		};
/* End PBXResourcesBuildPhase section */

/* Begin PBXSourcesBuildPhase section */
		0FAAB8772674B8E900982EDD /* Sources */ = {
			isa = PBXSourcesBuildPhase;
			buildActionMask = 2147483647;
			files = (
				0FAAB8832674B8EA00982EDD /* ViewController.swift in Sources */,
				0FAAB89A2677ADFB00982EDD /* Question.swift in Sources */,
				0FAAB8AF2678F2DD00982EDD /* GameSession.swift in Sources */,
				0FAAB8AC2678F2CC00982EDD /* Game.swift in Sources */,
				0FAAB8A82678922600982EDD /* QuizTableViewController.swift in Sources */,
				0FAAB8B7267CA87400982EDD /* RecordsCareTaker.swift in Sources */,
				0FAAB8BA267CAC2700982EDD /* ResultsTableViewController.swift in Sources */,
				0FAAB87F2674B8E900982EDD /* AppDelegate.swift in Sources */,
				0FAAB8812674B8EA00982EDD /* SceneDelegate.swift in Sources */,
			);
			runOnlyForDeploymentPostprocessing = 0;
		};
/* End PBXSourcesBuildPhase section */

/* Begin PBXVariantGroup section */
		0FAAB8842674B8EA00982EDD /* Main.storyboard */ = {
			isa = PBXVariantGroup;
			children = (
				0FAAB8852674B8EA00982EDD /* Base */,
			);
			name = Main.storyboard;
			sourceTree = "<group>";
		};
		0FAAB8892674B8EB00982EDD /* LaunchScreen.storyboard */ = {
			isa = PBXVariantGroup;
			children = (
				0FAAB88A2674B8EB00982EDD /* Base */,
			);
			name = LaunchScreen.storyboard;
			sourceTree = "<group>";
		};
/* End PBXVariantGroup section */

/* Begin XCBuildConfiguration section */
		0FAAB88D2674B8EB00982EDD /* Debug */ = {
			isa = XCBuildConfiguration;
			buildSettings = {
				ALWAYS_SEARCH_USER_PATHS = NO;
				CLANG_ANALYZER_NONNULL = YES;
				CLANG_ANALYZER_NUMBER_OBJECT_CONVERSION = YES_AGGRESSIVE;
				CLANG_CXX_LANGUAGE_STANDARD = "gnu++14";
				CLANG_CXX_LIBRARY = "libc++";
				CLANG_ENABLE_MODULES = YES;
				CLANG_ENABLE_OBJC_ARC = YES;
				CLANG_ENABLE_OBJC_WEAK = YES;
				CLANG_WARN_BLOCK_CAPTURE_AUTORELEASING = YES;
				CLANG_WARN_BOOL_CONVERSION = YES;
				CLANG_WARN_COMMA = YES;
				CLANG_WARN_CONSTANT_CONVERSION = YES;
				CLANG_WARN_DEPRECATED_OBJC_IMPLEMENTATIONS = YES;
				CLANG_WARN_DIRECT_OBJC_ISA_USAGE = YES_ERROR;
				CLANG_WARN_DOCUMENTATION_COMMENTS = YES;
				CLANG_WARN_EMPTY_BODY = YES;
				CLANG_WARN_ENUM_CONVERSION = YES;
				CLANG_WARN_INFINITE_RECURSION = YES;
				CLANG_WARN_INT_CONVERSION = YES;
				CLANG_WARN_NON_LITERAL_NULL_CONVERSION = YES;
				CLANG_WARN_OBJC_IMPLICIT_RETAIN_SELF = YES;
				CLANG_WARN_OBJC_LITERAL_CONVERSION = YES;
				CLANG_WARN_OBJC_ROOT_CLASS = YES_ERROR;
				CLANG_WARN_QUOTED_INCLUDE_IN_FRAMEWORK_HEADER = YES;
				CLANG_WARN_RANGE_LOOP_ANALYSIS = YES;
				CLANG_WARN_STRICT_PROTOTYPES = YES;
				CLANG_WARN_SUSPICIOUS_MOVE = YES;
				CLANG_WARN_UNGUARDED_AVAILABILITY = YES_AGGRESSIVE;
				CLANG_WARN_UNREACHABLE_CODE = YES;
				CLANG_WARN__DUPLICATE_METHOD_MATCH = YES;
				COPY_PHASE_STRIP = NO;
				DEBUG_INFORMATION_FORMAT = dwarf;
				ENABLE_STRICT_OBJC_MSGSEND = YES;
				ENABLE_TESTABILITY = YES;
				GCC_C_LANGUAGE_STANDARD = gnu11;
				GCC_DYNAMIC_NO_PIC = NO;
				GCC_NO_COMMON_BLOCKS = YES;
				GCC_OPTIMIZATION_LEVEL = 0;
				GCC_PREPROCESSOR_DEFINITIONS = (
					"DEBUG=1",
					"$(inherited)",
				);
				GCC_WARN_64_TO_32_BIT_CONVERSION = YES;
				GCC_WARN_ABOUT_RETURN_TYPE = YES_ERROR;
				GCC_WARN_UNDECLARED_SELECTOR = YES;
				GCC_WARN_UNINITIALIZED_AUTOS = YES_AGGRESSIVE;
				GCC_WARN_UNUSED_FUNCTION = YES;
				GCC_WARN_UNUSED_VARIABLE = YES;
				IPHONEOS_DEPLOYMENT_TARGET = 14.1;
				MTL_ENABLE_DEBUG_INFO = INCLUDE_SOURCE;
				MTL_FAST_MATH = YES;
				ONLY_ACTIVE_ARCH = YES;
				SDKROOT = iphoneos;
				SWIFT_ACTIVE_COMPILATION_CONDITIONS = DEBUG;
				SWIFT_OPTIMIZATION_LEVEL = "-Onone";
			};
			name = Debug;
		};
		0FAAB88E2674B8EB00982EDD /* Release */ = {
			isa = XCBuildConfiguration;
			buildSettings = {
				ALWAYS_SEARCH_USER_PATHS = NO;
				CLANG_ANALYZER_NONNULL = YES;
				CLANG_ANALYZER_NUMBER_OBJECT_CONVERSION = YES_AGGRESSIVE;
				CLANG_CXX_LANGUAGE_STANDARD = "gnu++14";
				CLANG_CXX_LIBRARY = "libc++";
				CLANG_ENABLE_MODULES = YES;
				CLANG_ENABLE_OBJC_ARC = YES;
				CLANG_ENABLE_OBJC_WEAK = YES;
				CLANG_WARN_BLOCK_CAPTURE_AUTORELEASING = YES;
				CLANG_WARN_BOOL_CONVERSION = YES;
				CLANG_WARN_COMMA = YES;
				CLANG_WARN_CONSTANT_CONVERSION = YES;
				CLANG_WARN_DEPRECATED_OBJC_IMPLEMENTATIONS = YES;
				CLANG_WARN_DIRECT_OBJC_ISA_USAGE = YES_ERROR;
				CLANG_WARN_DOCUMENTATION_COMMENTS = YES;
				CLANG_WARN_EMPTY_BODY = YES;
				CLANG_WARN_ENUM_CONVERSION = YES;
				CLANG_WARN_INFINITE_RECURSION = YES;
				CLANG_WARN_INT_CONVERSION = YES;
				CLANG_WARN_NON_LITERAL_NULL_CONVERSION = YES;
				CLANG_WARN_OBJC_IMPLICIT_RETAIN_SELF = YES;
				CLANG_WARN_OBJC_LITERAL_CONVERSION = YES;
				CLANG_WARN_OBJC_ROOT_CLASS = YES_ERROR;
				CLANG_WARN_QUOTED_INCLUDE_IN_FRAMEWORK_HEADER = YES;
				CLANG_WARN_RANGE_LOOP_ANALYSIS = YES;
				CLANG_WARN_STRICT_PROTOTYPES = YES;
				CLANG_WARN_SUSPICIOUS_MOVE = YES;
				CLANG_WARN_UNGUARDED_AVAILABILITY = YES_AGGRESSIVE;
				CLANG_WARN_UNREACHABLE_CODE = YES;
				CLANG_WARN__DUPLICATE_METHOD_MATCH = YES;
				COPY_PHASE_STRIP = NO;
				DEBUG_INFORMATION_FORMAT = "dwarf-with-dsym";
				ENABLE_NS_ASSERTIONS = NO;
				ENABLE_STRICT_OBJC_MSGSEND = YES;
				GCC_C_LANGUAGE_STANDARD = gnu11;
				GCC_NO_COMMON_BLOCKS = YES;
				GCC_WARN_64_TO_32_BIT_CONVERSION = YES;
				GCC_WARN_ABOUT_RETURN_TYPE = YES_ERROR;
				GCC_WARN_UNDECLARED_SELECTOR = YES;
				GCC_WARN_UNINITIALIZED_AUTOS = YES_AGGRESSIVE;
				GCC_WARN_UNUSED_FUNCTION = YES;
				GCC_WARN_UNUSED_VARIABLE = YES;
				IPHONEOS_DEPLOYMENT_TARGET = 14.1;
				MTL_ENABLE_DEBUG_INFO = NO;
				MTL_FAST_MATH = YES;
				SDKROOT = iphoneos;
				SWIFT_COMPILATION_MODE = wholemodule;
				SWIFT_OPTIMIZATION_LEVEL = "-O";
				VALIDATE_PRODUCT = YES;
			};
			name = Release;
		};
		0FAAB8902674B8EB00982EDD /* Debug */ = {
			isa = XCBuildConfiguration;
			buildSettings = {
				ASSETCATALOG_COMPILER_APPICON_NAME = AppIcon;
				ASSETCATALOG_COMPILER_GLOBAL_ACCENT_COLOR_NAME = AccentColor;
				CODE_SIGN_STYLE = Automatic;
				DEVELOPMENT_TEAM = D6N8LTG83H;
				INFOPLIST_FILE = Millionaire/Info.plist;
				LD_RUNPATH_SEARCH_PATHS = (
					"$(inherited)",
					"@executable_path/Frameworks",
				);
				PRODUCT_BUNDLE_IDENTIFIER = com.LessonsSwift.instaApp.Millionaire;
				PRODUCT_NAME = "$(TARGET_NAME)";
				SWIFT_VERSION = 5.0;
				TARGETED_DEVICE_FAMILY = "1,2";
			};
			name = Debug;
		};
		0FAAB8912674B8EB00982EDD /* Release */ = {
			isa = XCBuildConfiguration;
			buildSettings = {
				ASSETCATALOG_COMPILER_APPICON_NAME = AppIcon;
				ASSETCATALOG_COMPILER_GLOBAL_ACCENT_COLOR_NAME = AccentColor;
				CODE_SIGN_STYLE = Automatic;
				DEVELOPMENT_TEAM = D6N8LTG83H;
				INFOPLIST_FILE = Millionaire/Info.plist;
				LD_RUNPATH_SEARCH_PATHS = (
					"$(inherited)",
					"@executable_path/Frameworks",
				);
				PRODUCT_BUNDLE_IDENTIFIER = com.LessonsSwift.instaApp.Millionaire;
				PRODUCT_NAME = "$(TARGET_NAME)";
				SWIFT_VERSION = 5.0;
				TARGETED_DEVICE_FAMILY = "1,2";
			};
			name = Release;
		};
/* End XCBuildConfiguration section */

/* Begin XCConfigurationList section */
		0FAAB8762674B8E900982EDD /* Build configuration list for PBXProject "Millionaire" */ = {
			isa = XCConfigurationList;
			buildConfigurations = (
				0FAAB88D2674B8EB00982EDD /* Debug */,
				0FAAB88E2674B8EB00982EDD /* Release */,
			);
			defaultConfigurationIsVisible = 0;
			defaultConfigurationName = Release;
		};
		0FAAB88F2674B8EB00982EDD /* Build configuration list for PBXNativeTarget "Millionaire" */ = {
			isa = XCConfigurationList;
			buildConfigurations = (
				0FAAB8902674B8EB00982EDD /* Debug */,
				0FAAB8912674B8EB00982EDD /* Release */,
			);
			defaultConfigurationIsVisible = 0;
			defaultConfigurationName = Release;
		};
/* End XCConfigurationList section */
	};
	rootObject = 0FAAB8732674B8E900982EDD /* Project object */;
}
